{
  "nodes": {
    "advisory-db": {
      "flake": false,
      "locked": {
        "lastModified": 1776441325,
        "narHash": "sha256-qyiINEm84TR1s4WM6ghNHqmU7X/vidI1N7qFk/hkVNI=",
        "owner": "rustsec",
        "repo": "advisory-db",
        "rev": "f9b2158acd8a13a07364daa69eab6018c2ddcb99",
        "type": "github"
      },
      "original": {
        "owner": "rustsec",
        "repo": "advisory-db",
        "type": "github"
      }
    },
    "blockfrost-tests": {
      "flake": false,
      "locked": {
        "lastModified": 1776154757,
        "narHash": "sha256-9bO5jxyQLEkSjnQj0rL6JCCOPjC/7HnMy9vsZ26D6NA=",
        "owner": "blockfrost",
        "repo": "blockfrost-tests",
        "rev": "3bedc5f1dd9365c086994211a941c6e8bb8671c1",
        "type": "github"
      },
      "original": {
        "owner": "blockfrost",
        "repo": "blockfrost-tests",
        "type": "github"
      }
    },
    "cardano-node": {
      "flake": false,
      "locked": {
        "lastModified": 1774886169,
        "narHash": "sha256-TQHJmtgV33DhEeiOLokDS7BGTUX/4wdQt9DIP62SEuw=",
        "owner": "IntersectMBO",
        "repo": "cardano-node",
        "rev": "e252edef4dfcd28ba8987e0c1368c6db0404beac",
        "type": "github"
      },
      "original": {
        "owner": "IntersectMBO",
        "ref": "10.6.3",
        "repo": "cardano-node",
        "type": "github"
      }
    },
    "cardano-playground": {
      "flake": false,
      "locked": {
        "lastModified": 1775070913,
        "narHash": "sha256-zX1uQvRTJ9B+IH4e9LPNfMsYxnHU/su6h2QkL3629A0=",
        "owner": "input-output-hk",
        "repo": "cardano-playground",
        "rev": "419fcc2150552930944624e7a19aad6420539df0",
        "type": "github"
      },
      "original": {
        "owner": "input-output-hk",
        "repo": "cardano-playground",
        "rev": "419fcc2150552930944624e7a19aad6420539df0",
        "type": "github"
      }
    },
    "crane": {
      "locked": {
        "lastModified": 1776533550,
        "narHash": "sha256-8mTHsQ8cB0jGlXE4WWKqpQFQPM/VotDnr2uzfrOGNKI=",
        "owner": "ipetkov",
        "repo": "crane",
        "rev": "e24d86e91348e3d44014974fa24c9a22cfd663b5",
        "type": "github"
      },
      "original": {
        "owner": "ipetkov",
        "repo": "crane",
        "type": "github"
      }
    },
    "crane_2": {
      "locked": {
        "lastModified": 1748905761,
        "narHash": "sha256-h3axsOaXxej8d2ICwegt6IX+ymwI6spPOEIe4fGRzjY=",
        "owner": "ipetkov",
        "repo": "crane",
        "rev": "21badc1ab312a31b7e8a5d12be7b89232b9d05ec",
        "type": "github"
      },
      "original": {
        "owner": "ipetkov",
        "repo": "crane",
        "type": "github"
      }
    },
    "devshell": {
      "inputs": {
        "nixpkgs": [
          "nixpkgs"
        ]
      },
      "locked": {
        "lastModified": 1768818222,
        "narHash": "sha256-460jc0+CZfyaO8+w8JNtlClB2n4ui1RbHfPTLkpwhU8=",
        "owner": "numtide",
        "repo": "devshell",
        "rev": "255a2b1725a20d060f566e4755dbf571bbbb5f76",
        "type": "github"
      },
      "original": {
        "owner": "numtide",
        "repo": "devshell",
        "type": "github"
      }
    },
    "dolos": {
      "flake": false,
      "locked": {
        "lastModified": 1775343885,
        "narHash": "sha256-lg22uNMluP9MiXZTPsHM87x1HZJXizRSAonVHR5Sqgc=",
        "owner": "txpipe",
        "repo": "dolos",
        "rev": "d90cd814b864b04a9cdee7a0905ff4d27cb9846a",
        "type": "github"
      },
      "original": {
        "owner": "txpipe",
        "ref": "v1.0.3",
        "repo": "dolos",
        "type": "github"
      }
    },
    "fenix": {
      "inputs": {
        "nixpkgs": [
          "nixpkgs"
        ],
        "rust-analyzer-src": "rust-analyzer-src"
      },
      "locked": {
        "lastModified": 1776497206,
        "narHash": "sha256-Em+RSdFnwyyKPGUBFtQYtVjm+1UvIc9gOR91Y22zlzg=",
        "owner": "nix-community",
        "repo": "fenix",
        "rev": "df2295365fb081fe0745449762a771290782c22d",
        "type": "github"
      },
      "original": {
        "owner": "nix-community",
        "repo": "fenix",
        "type": "github"
      }
    },
    "flake-compat": {
      "flake": false,
      "locked": {
        "lastModified": 1767039857,
        "narHash": "sha256-vNpUSpF5Nuw8xvDLj2KCwwksIbjua2LZCqhV1LNRDns=",
        "owner": "edolstra",
        "repo": "flake-compat",
        "rev": "5edf11c44bc78a0d334f6334cdaf7d60d732daab",
        "type": "github"
      },
      "original": {
        "owner": "edolstra",
        "repo": "flake-compat",
        "type": "github"
      }
    },
    "flake-parts": {
      "inputs": {
        "nixpkgs-lib": "nixpkgs-lib"
      },
      "locked": {
        "lastModified": 1775087534,
        "narHash": "sha256-91qqW8lhL7TLwgQWijoGBbiD4t7/q75KTi8NxjVmSmA=",
        "owner": "hercules-ci",
        "repo": "flake-parts",
        "rev": "3107b77cd68437b9a76194f0f7f9c55f2329ca5b",
        "type": "github"
      },
      "original": {
        "owner": "hercules-ci",
        "repo": "flake-parts",
        "type": "github"
      }
    },
    "flake-parts_2": {
      "inputs": {
        "nixpkgs-lib": "nixpkgs-lib_2"
      },
      "locked": {
        "lastModified": 1748821116,
        "narHash": "sha256-F82+gS044J1APL0n4hH50GYdPRv/5JWm34oCJYmVKdE=",
        "owner": "hercules-ci",
        "repo": "flake-parts",
        "rev": "49f0870db23e8c1ca0b5259734a02cd9e1e371a1",
        "type": "github"
      },
      "original": {
        "owner": "hercules-ci",
        "repo": "flake-parts",
        "type": "github"
      }
    },
    "hydra": {
      "flake": false,
      "locked": {
        "lastModified": 1759947091,
        "narHash": "sha256-V9VBA5cFLcZ/M8g12Bzye5tVSVW3uoUIaRm+Ws0mFbo=",
        "owner": "cardano-scaling",
        "repo": "hydra",
        "rev": "b5e33b55e9fba442c562f82cec6c36b1716d9847",
        "type": "github"
      },
      "original": {
        "owner": "cardano-scaling",
        "ref": "1.0.0",
        "repo": "hydra",
        "type": "github"
      }
    },
    "mithril": {
      "inputs": {
        "crane": "crane_2",
        "flake-parts": "flake-parts_2",
        "nixpkgs": "nixpkgs",
        "treefmt-nix": "treefmt-nix"
      },
      "locked": {
        "lastModified": 1749570267,
        "narHash": "sha256-v/kHXMslACQtAY33QGtGqEaQEp5B37wbWrk6m0654dA=",
        "owner": "input-output-hk",
        "repo": "mithril",
        "rev": "7bf703389b0ba5ebade0e88449c79c75706cfbbc",
        "type": "github"
      },
      "original": {
        "owner": "input-output-hk",
        "ref": "2524.0",
        "repo": "mithril",
        "type": "github"
      }
    },
    "nix-bundle-exe": {
      "flake": false,
      "locked": {
        "lastModified": 1727401894,
        "narHash": "sha256-NKdglYdwN4M7/UOZ8Ml3fuJT1MYXAb6aU4ccU920BjM=",
        "owner": "3noch",
        "repo": "nix-bundle-exe",
        "rev": "7f61fe91a73119e1e39d821f0d215d6186d01363",
        "type": "github"
      },
      "original": {
        "owner": "3noch",
        "repo": "nix-bundle-exe",
        "type": "github"
      }
    },
    "nixpkgs": {
      "locked": {
        "lastModified": 1748856973,
        "narHash": "sha256-RlTsJUvvr8ErjPBsiwrGbbHYW8XbB/oek0Gi78XdWKg=",
        "owner": "nixos",
        "repo": "nixpkgs",
        "rev": "e4b09e47ace7d87de083786b404bf232eb6c89d8",
        "type": "github"
      },
      "original": {
        "owner": "nixos",
        "ref": "nixpkgs-unstable",
        "repo": "nixpkgs",
        "type": "github"
      }
    },
    "nixpkgs-lib": {
      "locked": {
        "lastModified": 1774748309,
        "narHash": "sha256-+U7gF3qxzwD5TZuANzZPeJTZRHS29OFQgkQ2kiTJBIQ=",
        "owner": "nix-community",
        "repo": "nixpkgs.lib",
        "rev": "333c4e0545a6da976206c74db8773a1645b5870a",
        "type": "github"
      },
      "original": {
        "owner": "nix-community",
        "repo": "nixpkgs.lib",
        "type": "github"
      }
    },
    "nixpkgs-lib_2": {
      "locked": {
        "lastModified": 1748740939,
        "narHash": "sha256-rQaysilft1aVMwF14xIdGS3sj1yHlI6oKQNBRTF40cc=",
        "owner": "nix-community",
        "repo": "nixpkgs.lib",
        "rev": "656a64127e9d791a334452c6b6606d17539476e2",
        "type": "github"
      },
      "original": {
        "owner": "nix-community",
        "repo": "nixpkgs.lib",
        "type": "github"
      }
    },
    "nixpkgs_2": {
      "locked": {
        "lastModified": 1776560675,
        "narHash": "sha256-p68udKWWh7+V4ZPpcMDq0gTHWNZJnr4JPI+kHPPE40o=",
        "owner": "nixos",
        "repo": "nixpkgs",
        "rev": "e07580dae39738e46609eaab8b154de2488133ce",
        "type": "github"
      },
      "original": {
        "owner": "nixos",
        "ref": "nixos-25.11",
        "repo": "nixpkgs",
        "type": "github"
      }
    },
    "root": {
      "inputs": {
        "advisory-db": "advisory-db",
        "blockfrost-tests": "blockfrost-tests",
        "cardano-node": "cardano-node",
        "cardano-playground": "cardano-playground",
        "crane": "crane",
        "devshell": "devshell",
        "dolos": "dolos",
        "fenix": "fenix",
        "flake-compat": "flake-compat",
        "flake-parts": "flake-parts",
        "hydra": "hydra",
        "mithril": "mithril",
        "nix-bundle-exe": "nix-bundle-exe",
        "nixpkgs": "nixpkgs_2",
        "testgen-hs": "testgen-hs",
        "treefmt-nix": "treefmt-nix_2"
      }
    },
    "rust-analyzer-src": {
      "flake": false,
      "locked": {
        "lastModified": 1776441750,
        "narHash": "sha256-1rVfG+mj8R4ze+lSYCa4iAv7FzrB03Cprtxmd1MfZak=",
        "owner": "rust-lang",
        "repo": "rust-analyzer",
        "rev": "251df518d73abb5c5d573c4d5d266a3edae9ca5a",
        "type": "github"
      },
      "original": {
        "owner": "rust-lang",
        "ref": "nightly",
        "repo": "rust-analyzer",
        "type": "github"
      }
    },
    "testgen-hs": {
      "flake": false,
      "locked": {
        "lastModified": 1775724489,
        "narHash": "sha256-UiTRFhvLifxg/Ve9RJsOKRPLGQSOzAX6skd1Eq6QAms=",
        "owner": "input-output-hk",
        "repo": "testgen-hs",
        "rev": "df1ac503b267beb7bcbfc6b953cf214b04c03d30",
        "type": "github"
      },
      "original": {
        "owner": "input-output-hk",
        "ref": "10.6.3.0",
        "repo": "testgen-hs",
        "type": "github"
      }
    },
    "treefmt-nix": {
      "inputs": {
        "nixpkgs": [
          "mithril",
          "nixpkgs"
        ]
      },
      "locked": {
        "lastModified": 1748243702,
        "narHash": "sha256-9YzfeN8CB6SzNPyPm2XjRRqSixDopTapaRsnTpXUEY8=",
        "owner": "numtide",
        "repo": "treefmt-nix",
        "rev": "1f3f7b784643d488ba4bf315638b2b0a4c5fb007",
        "type": "github"
      },
      "original": {
        "owner": "numtide",
        "repo": "treefmt-nix",
        "type": "github"
      }
    },
    "treefmt-nix_2": {
      "inputs": {
        "nixpkgs": [
          "nixpkgs"
        ]
      },
      "locked": {
        "lastModified": 1775636079,
        "narHash": "sha256-pc20NRoMdiar8oPQceQT47UUZMBTiMdUuWrYu2obUP0=",
        "owner": "numtide",
        "repo": "treefmt-nix",
        "rev": "790751ff7fd3801feeaf96d7dc416a8d581265ba",
        "type": "github"
      },
      "original": {
        "owner": "numtide",
        "repo": "treefmt-nix",
        "type": "github"
      }
    }
  },
  "root": "root",
  "version": 7
}
